schema: '2.0'
stages:
  prepare_data:
    cmd: bash prepare_data.sh
    deps:
    - path: ./vsa_codebook_decoder/dataset/paired_dsprites.py
      md5: 1b89be20743940e7d7b8f04d5c75c8a7
      size: 13754
    - path: prepare_data.sh
      md5: e10c2bce7006936457bf74bb491cda89
      size: 450
    outs:
    - path: data/
      md5: ac8e3188c7af87a29ed508e631ed0bdd.dir
      size: 19318135
      nfiles: 1
  train:
    cmd: python3 -m vsa_codebook_decoder.train
    deps:
    - path: conf/config.yaml
      md5: e1c06d85ae7b8b032bef47e42e4c08f9
      size: 2
